// !$*UTF8*$!
{
	archiveVersion = 1;
	classes = {
	};
	objectVersion = 46;
	objects = {

/* Begin PBXBuildFile section */
		7F8DAE621C867E95009629E1 /* Drink.swift in Sources */ = {isa = PBXBuildFile; fileRef = 7F8DAE611C867E95009629E1 /* Drink.swift */; };
		7F8DAE631C867E95009629E1 /* Drink.swift in Sources */ = {isa = PBXBuildFile; fileRef = 7F8DAE611C867E95009629E1 /* Drink.swift */; };
		7F8DAE651C868440009629E1 /* DrinkTableViewCell.swift in Sources */ = {isa = PBXBuildFile; fileRef = 7F8DAE641C868440009629E1 /* DrinkTableViewCell.swift */; };
		7F8DAE661C868440009629E1 /* DrinkTableViewCell.swift in Sources */ = {isa = PBXBuildFile; fileRef = 7F8DAE641C868440009629E1 /* DrinkTableViewCell.swift */; };
		7FBF1BC51C71D77100DA9F1A /* RatingControl.swift in Sources */ = {isa = PBXBuildFile; fileRef = 7FBF1BC41C71D77100DA9F1A /* RatingControl.swift */; };
		7FC3BE581C700174005ACB76 /* AppDelegate.swift in Sources */ = {isa = PBXBuildFile; fileRef = 7FC3BE571C700174005ACB76 /* AppDelegate.swift */; };
		7FC3BE5A1C700174005ACB76 /* DrinkViewController.swift in Sources */ = {isa = PBXBuildFile; fileRef = 7FC3BE591C700174005ACB76 /* DrinkViewController.swift */; };
		7FC3BE5D1C700174005ACB76 /* Main.storyboard in Resources */ = {isa = PBXBuildFile; fileRef = 7FC3BE5B1C700174005ACB76 /* Main.storyboard */; };
		7FC3BE5F1C700175005ACB76 /* Assets.xcassets in Resources */ = {isa = PBXBuildFile; fileRef = 7FC3BE5E1C700175005ACB76 /* Assets.xcassets */; };
		7FC3BE621C700175005ACB76 /* LaunchScreen.storyboard in Resources */ = {isa = PBXBuildFile; fileRef = 7FC3BE601C700175005ACB76 /* LaunchScreen.storyboard */; };
		7FC3BE6D1C70017B005ACB76 /* StarbucksDrinkTrackerTests.swift in Sources */ = {isa = PBXBuildFile; fileRef = 7FC3BE6C1C70017B005ACB76 /* StarbucksDrinkTrackerTests.swift */; };
		7FCA6CC31C86C50A00400851 /* DrinkTableViewController.swift in Sources */ = {isa = PBXBuildFile; fileRef = 7FCA6CC21C86C50A00400851 /* DrinkTableViewController.swift */; };
/* End PBXBuildFile section */

/* Begin PBXContainerItemProxy section */
		7FC3BE691C70017B005ACB76 /* PBXContainerItemProxy */ = {
			isa = PBXContainerItemProxy;
			containerPortal = 7FC3BE4C1C700172005ACB76 /* Project object */;
			proxyType = 1;
			remoteGlobalIDString = 7FC3BE531C700173005ACB76;
			remoteInfo = FoodTracker;
		};
/* End PBXContainerItemProxy section */

/* Begin PBXFileReference section */
		7F8DAE611C867E95009629E1 /* Drink.swift */ = {isa = PBXFileReference; fileEncoding = 4; lastKnownFileType = sourcecode.swift; path = Drink.swift; sourceTree = "<group>"; };
		7F8DAE641C868440009629E1 /* DrinkTableViewCell.swift */ = {isa = PBXFileReference; fileEncoding = 4; lastKnownFileType = sourcecode.swift; path = DrinkTableViewCell.swift; sourceTree = "<group>"; };
		7FBF1BC41C71D77100DA9F1A /* RatingControl.swift */ = {isa = PBXFileReference; fileEncoding = 4; lastKnownFileType = sourcecode.swift; path = RatingControl.swift; sourceTree = "<group>"; };
		7FC3BE541C700173005ACB76 /* StarbucksDrinkTracker.app */ = {isa = PBXFileReference; explicitFileType = wrapper.application; includeInIndex = 0; path = StarbucksDrinkTracker.app; sourceTree = BUILT_PRODUCTS_DIR; };
		7FC3BE571C700174005ACB76 /* AppDelegate.swift */ = {isa = PBXFileReference; lastKnownFileType = sourcecode.swift; path = AppDelegate.swift; sourceTree = "<group>"; };
		7FC3BE591C700174005ACB76 /* DrinkViewController.swift */ = {isa = PBXFileReference; lastKnownFileType = sourcecode.swift; path = DrinkViewController.swift; sourceTree = "<group>"; };
		7FC3BE5C1C700174005ACB76 /* Base */ = {isa = PBXFileReference; lastKnownFileType = file.storyboard; name = Base; path = Base.lproj/Main.storyboard; sourceTree = "<group>"; };
		7FC3BE5E1C700175005ACB76 /* Assets.xcassets */ = {isa = PBXFileReference; lastKnownFileType = folder.assetcatalog; path = Assets.xcassets; sourceTree = "<group>"; };
		7FC3BE611C700175005ACB76 /* Base */ = {isa = PBXFileReference; lastKnownFileType = file.storyboard; name = Base; path = Base.lproj/LaunchScreen.storyboard; sourceTree = "<group>"; };
		7FC3BE631C700176005ACB76 /* Info.plist */ = {isa = PBXFileReference; lastKnownFileType = text.plist.xml; path = Info.plist; sourceTree = "<group>"; };
		7FC3BE681C70017B005ACB76 /* StarbucksDrinkTracker.xctest */ = {isa = PBXFileReference; explicitFileType = wrapper.cfbundle; includeInIndex = 0; path = StarbucksDrinkTracker.xctest; sourceTree = BUILT_PRODUCTS_DIR; };
		7FC3BE6C1C70017B005ACB76 /* StarbucksDrinkTrackerTests.swift */ = {isa = PBXFileReference; lastKnownFileType = sourcecode.swift; path = StarbucksDrinkTrackerTests.swift; sourceTree = "<group>"; };
		7FC3BE6E1C70017B005ACB76 /* Info.plist */ = {isa = PBXFileReference; lastKnownFileType = text.plist.xml; path = Info.plist; sourceTree = "<group>"; };
		7FCA6CC21C86C50A00400851 /* DrinkTableViewController.swift */ = {isa = PBXFileReference; fileEncoding = 4; lastKnownFileType = sourcecode.swift; path = DrinkTableViewController.swift; sourceTree = "<group>"; };
/* End PBXFileReference section */

/* Begin PBXFrameworksBuildPhase section */
		7FC3BE511C700173005ACB76 /* Frameworks */ = {
			isa = PBXFrameworksBuildPhase;
			buildActionMask = 2147483647;
			files = (
			);
			runOnlyForDeploymentPostprocessing = 0;
		};
		7FC3BE651C70017B005ACB76 /* Frameworks */ = {
			isa = PBXFrameworksBuildPhase;
			buildActionMask = 2147483647;
			files = (
			);
			runOnlyForDeploymentPostprocessing = 0;
		};
/* End PBXFrameworksBuildPhase section */

/* Begin PBXGroup section */
		7FC3BE4B1C700171005ACB76 = {
			isa = PBXGroup;
			children = (
				7FC3BE561C700173005ACB76 /* StarbucksDrinkTracker */,
				7FC3BE6B1C70017B005ACB76 /* StarbucksDrinkTrackerTests */,
				7FC3BE551C700173005ACB76 /* Products */,
			);
			sourceTree = "<group>";
		};
		7FC3BE551C700173005ACB76 /* Products */ = {
			isa = PBXGroup;
			children = (
				7FC3BE541C700173005ACB76 /* StarbucksDrinkTracker.app */,
				7FC3BE681C70017B005ACB76 /* StarbucksDrinkTracker.xctest */,
			);
			name = Products;
			sourceTree = "<group>";
		};
		7FC3BE561C700173005ACB76 /* StarbucksDrinkTracker */ = {
			isa = PBXGroup;
			children = (
				7FC3BE571C700174005ACB76 /* AppDelegate.swift */,
				7FC3BE591C700174005ACB76 /* DrinkViewController.swift */,
				7FBF1BC41C71D77100DA9F1A /* RatingControl.swift */,
				7FC3BE5B1C700174005ACB76 /* Main.storyboard */,
				7FCA6CC21C86C50A00400851 /* DrinkTableViewController.swift */,
				7F8DAE641C868440009629E1 /* DrinkTableViewCell.swift */,
				7FC3BE5E1C700175005ACB76 /* Assets.xcassets */,
				7FC3BE601C700175005ACB76 /* LaunchScreen.storyboard */,
				7F8DAE611C867E95009629E1 /* Drink.swift */,
				7FC3BE631C700176005ACB76 /* Info.plist */,
			);
			name = StarbucksDrinkTracker;
			path = FoodTracker;
			sourceTree = "<group>";
		};
		7FC3BE6B1C70017B005ACB76 /* StarbucksDrinkTrackerTests */ = {
			isa = PBXGroup;
			children = (
				7FC3BE6C1C70017B005ACB76 /* StarbucksDrinkTrackerTests.swift */,
				7FC3BE6E1C70017B005ACB76 /* Info.plist */,
			);
			name = StarbucksDrinkTrackerTests;
			path = FoodTrackerTests;
			sourceTree = "<group>";
		};
/* End PBXGroup section */

/* Begin PBXNativeTarget section */
		7FC3BE531C700173005ACB76 /* StarbucksDrinkTracker */ = {
			isa = PBXNativeTarget;
			buildConfigurationList = 7FC3BE711C70017B005ACB76 /* Build configuration list for PBXNativeTarget "StarbucksDrinkTracker" */;
			buildPhases = (
				7FC3BE501C700173005ACB76 /* Sources */,
				7FC3BE511C700173005ACB76 /* Frameworks */,
				7FC3BE521C700173005ACB76 /* Resources */,
			);
			buildRules = (
			);
			dependencies = (
			);
			name = StarbucksDrinkTracker;
			productName = FoodTracker;
			productReference = 7FC3BE541C700173005ACB76 /* StarbucksDrinkTracker.app */;
			productType = "com.apple.product-type.application";
		};
		7FC3BE671C70017B005ACB76 /* StarbucksDrinkTrackerTests */ = {
			isa = PBXNativeTarget;
			buildConfigurationList = 7FC3BE741C70017B005ACB76 /* Build configuration list for PBXNativeTarget "StarbucksDrinkTrackerTests" */;
			buildPhases = (
				7FC3BE641C70017B005ACB76 /* Sources */,
				7FC3BE651C70017B005ACB76 /* Frameworks */,
				7FC3BE661C70017B005ACB76 /* Resources */,
			);
			buildRules = (
			);
			dependencies = (
				7FC3BE6A1C70017B005ACB76 /* PBXTargetDependency */,
			);
			name = StarbucksDrinkTrackerTests;
			productName = FoodTrackerTests;
			productReference = 7FC3BE681C70017B005ACB76 /* StarbucksDrinkTracker.xctest */;
			productType = "com.apple.product-type.bundle.unit-test";
		};
/* End PBXNativeTarget section */

/* Begin PBXProject section */
		7FC3BE4C1C700172005ACB76 /* Project object */ = {
			isa = PBXProject;
			attributes = {
				LastSwiftUpdateCheck = 0720;
				LastUpgradeCheck = 0720;
				ORGANIZATIONNAME = "Joohan Oh";
				TargetAttributes = {
					7FC3BE531C700173005ACB76 = {
						CreatedOnToolsVersion = 7.2.1;
					};
					7FC3BE671C70017B005ACB76 = {
						CreatedOnToolsVersion = 7.2.1;
						TestTargetID = 7FC3BE531C700173005ACB76;
					};
				};
			};
			buildConfigurationList = 7FC3BE4F1C700172005ACB76 /* Build configuration list for PBXProject "StarbucksDrinkTracker" */;
			compatibilityVersion = "Xcode 3.2";
			developmentRegion = English;
			hasScannedForEncodings = 0;
			knownRegions = (
				en,
				Base,
			);
			mainGroup = 7FC3BE4B1C700171005ACB76;
			productRefGroup = 7FC3BE551C700173005ACB76 /* Products */;
			projectDirPath = "";
			projectRoot = "";
			targets = (
				7FC3BE531C700173005ACB76 /* StarbucksDrinkTracker */,
				7FC3BE671C70017B005ACB76 /* StarbucksDrinkTrackerTests */,
			);
		};
/* End PBXProject section */

/* Begin PBXResourcesBuildPhase section */
		7FC3BE521C700173005ACB76 /* Resources */ = {
			isa = PBXResourcesBuildPhase;
			buildActionMask = 2147483647;
			files = (
				7FC3BE621C700175005ACB76 /* LaunchScreen.storyboard in Resources */,
				7FC3BE5F1C700175005ACB76 /* Assets.xcassets in Resources */,
				7FC3BE5D1C700174005ACB76 /* Main.storyboard in Resources */,
			);
			runOnlyForDeploymentPostprocessing = 0;
		};
		7FC3BE661C70017B005ACB76 /* Resources */ = {
			isa = PBXResourcesBuildPhase;
			buildActionMask = 2147483647;
			files = (
			);
			runOnlyForDeploymentPostprocessing = 0;
		};
/* End PBXResourcesBuildPhase section */

/* Begin PBXSourcesBuildPhase section */
		7FC3BE501C700173005ACB76 /* Sources */ = {
			isa = PBXSourcesBuildPhase;
			buildActionMask = 2147483647;
			files = (
				7FC3BE5A1C700174005ACB76 /* DrinkViewController.swift in Sources */,
				7FBF1BC51C71D77100DA9F1A /* RatingControl.swift in Sources */,
				7F8DAE621C867E95009629E1 /* Drink.swift in Sources */,
				7FC3BE581C700174005ACB76 /* AppDelegate.swift in Sources */,
				7FCA6CC31C86C50A00400851 /* DrinkTableViewController.swift in Sources */,
				7F8DAE651C868440009629E1 /* DrinkTableViewCell.swift in Sources */,
			);
			runOnlyForDeploymentPostprocessing = 0;
		};
		7FC3BE641C70017B005ACB76 /* Sources */ = {
			isa = PBXSourcesBuildPhase;
			buildActionMask = 2147483647;
			files = (
				7F8DAE631C867E95009629E1 /* Drink.swift in Sources */,
				7F8DAE661C868440009629E1 /* DrinkTableViewCell.swift in Sources */,
				7FC3BE6D1C70017B005ACB76 /* StarbucksDrinkTrackerTests.swift in Sources */,
			);
			runOnlyForDeploymentPostprocessing = 0;
		};
/* End PBXSourcesBuildPhase section */

/* Begin PBXTargetDependency section */
		7FC3BE6A1C70017B005ACB76 /* PBXTargetDependency */ = {
			isa = PBXTargetDependency;
			target = 7FC3BE531C700173005ACB76 /* StarbucksDrinkTracker */;
			targetProxy = 7FC3BE691C70017B005ACB76 /* PBXContainerItemProxy */;
		};
/* End PBXTargetDependency section */

/* Begin PBXVariantGroup section */
		7FC3BE5B1C700174005ACB76 /* Main.storyboard */ = {
			isa = PBXVariantGroup;
			children = (
				7FC3BE5C1C700174005ACB76 /* Base */,
			);
			name = Main.storyboard;
			sourceTree = "<group>";
		};
		7FC3BE601C700175005ACB76 /* LaunchScreen.storyboard */ = {
			isa = PBXVariantGroup;
			children = (
				7FC3BE611C700175005ACB76 /* Base */,
			);
			name = LaunchScreen.storyboard;
			sourceTree = "<group>";
		};
/* End PBXVariantGroup section */

/* Begin XCBuildConfiguration section */
		7FC3BE6F1C70017B005ACB76 /* Debug */ = {
			isa = XCBuildConfiguration;
			buildSettings = {
				ALWAYS_SEARCH_USER_PATHS = NO;
				CLANG_CXX_LANGUAGE_STANDARD = "gnu++0x";
				CLANG_CXX_LIBRARY = "libc++";
				CLANG_ENABLE_MODULES = YES;
				CLANG_ENABLE_OBJC_ARC = YES;
				CLANG_WARN_BOOL_CONVERSION = YES;
				CLANG_WARN_CONSTANT_CONVERSION = YES;
				CLANG_WARN_DIRECT_OBJC_ISA_USAGE = YES_ERROR;
				CLANG_WARN_EMPTY_BODY = YES;
				CLANG_WARN_ENUM_CONVERSION = YES;
				CLANG_WARN_INT_CONVERSION = YES;
				CLANG_WARN_OBJC_ROOT_CLASS = YES_ERROR;
				CLANG_WARN_UNREACHABLE_CODE = YES;
				CLANG_WARN__DUPLICATE_METHOD_MATCH = YES;
				"CODE_SIGN_IDENTITY[sdk=iphoneos*]" = "iPhone Developer";
				COPY_PHASE_STRIP = NO;
				DEBUG_INFORMATION_FORMAT = dwarf;
				ENABLE_STRICT_OBJC_MSGSEND = YES;
				ENABLE_TESTABILITY = YES;
				GCC_C_LANGUAGE_STANDARD = gnu99;
				GCC_DYNAMIC_NO_PIC = NO;
				GCC_NO_COMMON_BLOCKS = YES;
				GCC_OPTIMIZATION_LEVEL = 0;
				GCC_PREPROCESSOR_DEFINITIONS = (
					"DEBUG=1",
					"$(inherited)",
				);
				GCC_WARN_64_TO_32_BIT_CONVERSION = YES;
				GCC_WARN_ABOUT_RETURN_TYPE = YES_ERROR;
				GCC_WARN_UNDECLARED_SELECTOR = YES;
				GCC_WARN_UNINITIALIZED_AUTOS = YES_AGGRESSIVE;
				GCC_WARN_UNUSED_FUNCTION = YES;
				GCC_WARN_UNUSED_VARIABLE = YES;
				IPHONEOS_DEPLOYMENT_TARGET = 9.2;
				MTL_ENABLE_DEBUG_INFO = YES;
				ONLY_ACTIVE_ARCH = YES;
				SDKROOT = iphoneos;
				SWIFT_OPTIMIZATION_LEVEL = "-Onone";
				TARGETED_DEVICE_FAMILY = "1,2";
			};
			name = Debug;
		};
		7FC3BE701C70017B005ACB76 /* Release */ = {
			isa = XCBuildConfiguration;
			buildSettings = {
				ALWAYS_SEARCH_USER_PATHS = NO;
				CLANG_CXX_LANGUAGE_STANDARD = "gnu++0x";
				CLANG_CXX_LIBRARY = "libc++";
				CLANG_ENABLE_MODULES = YES;
				CLANG_ENABLE_OBJC_ARC = YES;
				CLANG_WARN_BOOL_CONVERSION = YES;
				CLANG_WARN_CONSTANT_CONVERSION = YES;
				CLANG_WARN_DIRECT_OBJC_ISA_USAGE = YES_ERROR;
				CLANG_WARN_EMPTY_BODY = YES;
				CLANG_WARN_ENUM_CONVERSION = YES;
				CLANG_WARN_INT_CONVERSION = YES;
				CLANG_WARN_OBJC_ROOT_CLASS = YES_ERROR;
				CLANG_WARN_UNREACHABLE_CODE = YES;
				CLANG_WARN__DUPLICATE_METHOD_MATCH = YES;
				"CODE_SIGN_IDENTITY[sdk=iphoneos*]" = "iPhone Developer";
				COPY_PHASE_STRIP = NO;
				DEBUG_INFORMATION_FORMAT = "dwarf-with-dsym";
				ENABLE_NS_ASSERTIONS = NO;
				ENABLE_STRICT_OBJC_MSGSEND = YES;
				GCC_C_LANGUAGE_STANDARD = gnu99;
				GCC_NO_COMMON_BLOCKS = YES;
				GCC_WARN_64_TO_32_BIT_CONVERSION = YES;
				GCC_WARN_ABOUT_RETURN_TYPE = YES_ERROR;
				GCC_WARN_UNDECLARED_SELECTOR = YES;
				GCC_WARN_UNINITIALIZED_AUTOS = YES_AGGRESSIVE;
				GCC_WARN_UNUSED_FUNCTION = YES;
				GCC_WARN_UNUSED_VARIABLE = YES;
				IPHONEOS_DEPLOYMENT_TARGET = 9.2;
				MTL_ENABLE_DEBUG_INFO = NO;
				SDKROOT = iphoneos;
				TARGETED_DEVICE_FAMILY = "1,2";
				VALIDATE_PRODUCT = YES;
			};
			name = Release;
		};
		7FC3BE721C70017B005ACB76 /* Debug */ = {
			isa = XCBuildConfiguration;
			buildSettings = {
				ASSETCATALOG_COMPILER_APPICON_NAME = AppIcon;
				INFOPLIST_FILE = FoodTracker/Info.plist;
				LD_RUNPATH_SEARCH_PATHS = "$(inherited) @executable_path/Frameworks";
				PRODUCT_BUNDLE_IDENTIFIER = com.example.StarbucksDrinkTracker;
				PRODUCT_NAME = StarbucksDrinkTracker;
			};
			name = Debug;
		};
		7FC3BE731C70017B005ACB76 /* Release */ = {
			isa = XCBuildConfiguration;
			buildSettings = {
				ASSETCATALOG_COMPILER_APPICON_NAME = AppIcon;
				INFOPLIST_FILE = FoodTracker/Info.plist;
				LD_RUNPATH_SEARCH_PATHS = "$(inherited) @executable_path/Frameworks";
				PRODUCT_BUNDLE_IDENTIFIER = com.example.StarbucksDrinkTracker;
				PRODUCT_NAME = StarbucksDrinkTracker;
			};
			name = Release;
		};
		7FC3BE751C70017B005ACB76 /* Debug */ = {
			isa = XCBuildConfiguration;
			buildSettings = {
				BUNDLE_LOADER = "$(TEST_HOST)";
				INFOPLIST_FILE = FoodTrackerTests/Info.plist;
				LD_RUNPATH_SEARCH_PATHS = "$(inherited) @executable_path/Frameworks @loader_path/Frameworks";
				PRODUCT_BUNDLE_IDENTIFIER = com.example.FoodTrackerTests;
				PRODUCT_NAME = StarbucksDrinkTracker;
				TEST_HOST = "$(BUILT_PRODUCTS_DIR)/StarbucksDrinkTracker.app/StarbucksDrinkTracker";
			};
			name = Debug;
		};
		7FC3BE761C70017B005ACB76 /* Release */ = {
			isa = XCBuildConfiguration;
			buildSettings = {
				BUNDLE_LOADER = "$(TEST_HOST)";
				INFOPLIST_FILE = FoodTrackerTests/Info.plist;
				LD_RUNPATH_SEARCH_PATHS = "$(inherited) @executable_path/Frameworks @loader_path/Frameworks";
				PRODUCT_BUNDLE_IDENTIFIER = com.example.FoodTrackerTests;
				PRODUCT_NAME = StarbucksDrinkTracker;
				TEST_HOST = "$(BUILT_PRODUCTS_DIR)/StarbucksDrinkTracker.app/StarbucksDrinkTracker";
			};
			name = Release;
		};
/* End XCBuildConfiguration section */

/* Begin XCConfigurationList section */
		7FC3BE4F1C700172005ACB76 /* Build configuration list for PBXProject "StarbucksDrinkTracker" */ = {
			isa = XCConfigurationList;
			buildConfigurations = (
				7FC3BE6F1C70017B005ACB76 /* Debug */,
				7FC3BE701C70017B005ACB76 /* Release */,
			);
			defaultConfigurationIsVisible = 0;
			defaultConfigurationName = Release;
		};
		7FC3BE711C70017B005ACB76 /* Build configuration list for PBXNativeTarget "StarbucksDrinkTracker" */ = {
			isa = XCConfigurationList;
			buildConfigurations = (
				7FC3BE721C70017B005ACB76 /* Debug */,
				7FC3BE731C70017B005ACB76 /* Release */,
			);
			defaultConfigurationIsVisible = 0;
			defaultConfigurationName = Release;
		};
		7FC3BE741C70017B005ACB76 /* Build configuration list for PBXNativeTarget "StarbucksDrinkTrackerTests" */ = {
			isa = XCConfigurationList;
			buildConfigurations = (
				7FC3BE751C70017B005ACB76 /* Debug */,
				7FC3BE761C70017B005ACB76 /* Release */,
			);
			defaultConfigurationIsVisible = 0;
			defaultConfigurationName = Release;
		};
/* End XCConfigurationList section */
	};
	rootObject = 7FC3BE4C1C700172005ACB76 /* Project object */;
}
